// !$*UTF8*$!
{
	archiveVersion = 1;
	classes = {
	};
	objectVersion = 46;
	objects = {

/* Begin PBXBuildFile section */
		811CB1121E5B102C00A4910F /* Student.swift in Sources */ = {isa = PBXBuildFile; fileRef = 811CB1111E5B102C00A4910F /* Student.swift */; };
		8193EBF21E4D169700ECEFF9 /* AppDelegate.swift in Sources */ = {isa = PBXBuildFile; fileRef = 8193EBF11E4D169700ECEFF9 /* AppDelegate.swift */; };
		8193EBF41E4D169700ECEFF9 /* ViewController.swift in Sources */ = {isa = PBXBuildFile; fileRef = 8193EBF31E4D169700ECEFF9 /* ViewController.swift */; };
		8193EBF71E4D169700ECEFF9 /* Main.storyboard in Resources */ = {isa = PBXBuildFile; fileRef = 8193EBF51E4D169700ECEFF9 /* Main.storyboard */; };
		8193EBF91E4D169700ECEFF9 /* Assets.xcassets in Resources */ = {isa = PBXBuildFile; fileRef = 8193EBF81E4D169700ECEFF9 /* Assets.xcassets */; };
		8193EBFC1E4D169700ECEFF9 /* LaunchScreen.storyboard in Resources */ = {isa = PBXBuildFile; fileRef = 8193EBFA1E4D169700ECEFF9 /* LaunchScreen.storyboard */; };
		8193EC0B1E4D16F900ECEFF9 /* class_list.jpeg in Resources */ = {isa = PBXBuildFile; fileRef = 8193EC061E4D16F900ECEFF9 /* class_list.jpeg */; };
		8193EC0C1E4D16F900ECEFF9 /* pasting_new_class.jpeg in Resources */ = {isa = PBXBuildFile; fileRef = 8193EC071E4D16F900ECEFF9 /* pasting_new_class.jpeg */; };
		8193EC0D1E4D16F900ECEFF9 /* saving_class.jpeg in Resources */ = {isa = PBXBuildFile; fileRef = 8193EC081E4D16F900ECEFF9 /* saving_class.jpeg */; };
		8193EC0E1E4D16F900ECEFF9 /* discussions_list.jpeg in Resources */ = {isa = PBXBuildFile; fileRef = 8193EC091E4D16F900ECEFF9 /* discussions_list.jpeg */; };
		8193EC0F1E4D16F900ECEFF9 /* active_discussion.jpeg in Resources */ = {isa = PBXBuildFile; fileRef = 8193EC0A1E4D16F900ECEFF9 /* active_discussion.jpeg */; };
/* End PBXBuildFile section */

/* Begin PBXFileReference section */
		811CB1111E5B102C00A4910F /* Student.swift */ = {isa = PBXFileReference; fileEncoding = 4; lastKnownFileType = sourcecode.swift; path = Student.swift; sourceTree = "<group>"; };
		8193EBEE1E4D169700ECEFF9 /* Balance.app */ = {isa = PBXFileReference; explicitFileType = wrapper.application; includeInIndex = 0; path = Balance.app; sourceTree = BUILT_PRODUCTS_DIR; };
		8193EBF11E4D169700ECEFF9 /* AppDelegate.swift */ = {isa = PBXFileReference; lastKnownFileType = sourcecode.swift; path = AppDelegate.swift; sourceTree = "<group>"; };
		8193EBF31E4D169700ECEFF9 /* ViewController.swift */ = {isa = PBXFileReference; lastKnownFileType = sourcecode.swift; path = ViewController.swift; sourceTree = "<group>"; };
		8193EBF61E4D169700ECEFF9 /* Base */ = {isa = PBXFileReference; lastKnownFileType = file.storyboard; name = Base; path = Base.lproj/Main.storyboard; sourceTree = "<group>"; };
		8193EBF81E4D169700ECEFF9 /* Assets.xcassets */ = {isa = PBXFileReference; lastKnownFileType = folder.assetcatalog; path = Assets.xcassets; sourceTree = "<group>"; };
		8193EBFB1E4D169700ECEFF9 /* Base */ = {isa = PBXFileReference; lastKnownFileType = file.storyboard; name = Base; path = Base.lproj/LaunchScreen.storyboard; sourceTree = "<group>"; };
		8193EBFD1E4D169700ECEFF9 /* Info.plist */ = {isa = PBXFileReference; lastKnownFileType = text.plist.xml; path = Info.plist; sourceTree = "<group>"; };
		8193EC061E4D16F900ECEFF9 /* class_list.jpeg */ = {isa = PBXFileReference; lastKnownFileType = image.jpeg; path = class_list.jpeg; sourceTree = "<group>"; };
		8193EC071E4D16F900ECEFF9 /* pasting_new_class.jpeg */ = {isa = PBXFileReference; lastKnownFileType = image.jpeg; path = pasting_new_class.jpeg; sourceTree = "<group>"; };
		8193EC081E4D16F900ECEFF9 /* saving_class.jpeg */ = {isa = PBXFileReference; lastKnownFileType = image.jpeg; path = saving_class.jpeg; sourceTree = "<group>"; };
		8193EC091E4D16F900ECEFF9 /* discussions_list.jpeg */ = {isa = PBXFileReference; lastKnownFileType = image.jpeg; path = discussions_list.jpeg; sourceTree = "<group>"; };
		8193EC0A1E4D16F900ECEFF9 /* active_discussion.jpeg */ = {isa = PBXFileReference; lastKnownFileType = image.jpeg; path = active_discussion.jpeg; sourceTree = "<group>"; };
		8193EC101E4D176A00ECEFF9 /* README.md */ = {isa = PBXFileReference; fileEncoding = 4; lastKnownFileType = net.daringfireball.markdown; name = README.md; path = ../README.md; sourceTree = "<group>"; };
/* End PBXFileReference section */

/* Begin PBXFrameworksBuildPhase section */
		8193EBEB1E4D169700ECEFF9 /* Frameworks */ = {
			isa = PBXFrameworksBuildPhase;
			buildActionMask = 2147483647;
			files = (
			);
			runOnlyForDeploymentPostprocessing = 0;
		};
/* End PBXFrameworksBuildPhase section */

/* Begin PBXGroup section */
		8193EBE51E4D169700ECEFF9 = {
			isa = PBXGroup;
			children = (
				8193EC031E4D16A100ECEFF9 /* Documentation */,
				8193EBF01E4D169700ECEFF9 /* Balance */,
				8193EBEF1E4D169700ECEFF9 /* Products */,
			);
			sourceTree = "<group>";
		};
		8193EBEF1E4D169700ECEFF9 /* Products */ = {
			isa = PBXGroup;
			children = (
				8193EBEE1E4D169700ECEFF9 /* Balance.app */,
			);
			name = Products;
			sourceTree = "<group>";
		};
		8193EBF01E4D169700ECEFF9 /* Balance */ = {
			isa = PBXGroup;
			children = (
				8193EBF11E4D169700ECEFF9 /* AppDelegate.swift */,
				8193EBF31E4D169700ECEFF9 /* ViewController.swift */,
				8193EBF51E4D169700ECEFF9 /* Main.storyboard */,
				811CB1111E5B102C00A4910F /* Student.swift */,
				8193EBF81E4D169700ECEFF9 /* Assets.xcassets */,
				8193EBFA1E4D169700ECEFF9 /* LaunchScreen.storyboard */,
				8193EBFD1E4D169700ECEFF9 /* Info.plist */,
			);
			path = Balance;
			sourceTree = "<group>";
		};
		8193EC031E4D16A100ECEFF9 /* Documentation */ = {
			isa = PBXGroup;
			children = (
				8193EC061E4D16F900ECEFF9 /* class_list.jpeg */,
				8193EC071E4D16F900ECEFF9 /* pasting_new_class.jpeg */,
				8193EC081E4D16F900ECEFF9 /* saving_class.jpeg */,
				8193EC091E4D16F900ECEFF9 /* discussions_list.jpeg */,
				8193EC0A1E4D16F900ECEFF9 /* active_discussion.jpeg */,
				8193EC101E4D176A00ECEFF9 /* README.md */,
			);
			name = Documentation;
			sourceTree = "<group>";
		};
/* End PBXGroup section */

/* Begin PBXNativeTarget section */
		8193EBED1E4D169700ECEFF9 /* Balance */ = {
			isa = PBXNativeTarget;
			buildConfigurationList = 8193EC001E4D169700ECEFF9 /* Build configuration list for PBXNativeTarget "Balance" */;
			buildPhases = (
				8193EBEA1E4D169700ECEFF9 /* Sources */,
				8193EBEB1E4D169700ECEFF9 /* Frameworks */,
				8193EBEC1E4D169700ECEFF9 /* Resources */,
			);
			buildRules = (
			);
			dependencies = (
			);
			name = Balance;
			productName = Balance;
			productReference = 8193EBEE1E4D169700ECEFF9 /* Balance.app */;
			productType = "com.apple.product-type.application";
		};
/* End PBXNativeTarget section */

/* Begin PBXProject section */
		8193EBE61E4D169700ECEFF9 /* Project object */ = {
			isa = PBXProject;
			attributes = {
				LastSwiftUpdateCheck = 0820;
				LastUpgradeCheck = 1010;
				ORGANIZATIONNAME = "Russell Gordon";
				TargetAttributes = {
					8193EBED1E4D169700ECEFF9 = {
						CreatedOnToolsVersion = 8.2.1;
						DevelopmentTeam = U2ZN2W2UQJ;
						LastSwiftMigration = 1010;
						ProvisioningStyle = Automatic;
					};
				};
			};
			buildConfigurationList = 8193EBE91E4D169700ECEFF9 /* Build configuration list for PBXProject "Balance" */;
			compatibilityVersion = "Xcode 3.2";
			developmentRegion = English;
			hasScannedForEncodings = 0;
			knownRegions = (
				en,
				Base,
			);
			mainGroup = 8193EBE51E4D169700ECEFF9;
			productRefGroup = 8193EBEF1E4D169700ECEFF9 /* Products */;
			projectDirPath = "";
			projectRoot = "";
			targets = (
				8193EBED1E4D169700ECEFF9 /* Balance */,
			);
		};
/* End PBXProject section */

/* Begin PBXResourcesBuildPhase section */
		8193EBEC1E4D169700ECEFF9 /* Resources */ = {
			isa = PBXResourcesBuildPhase;
			buildActionMask = 2147483647;
			files = (
				8193EC0B1E4D16F900ECEFF9 /* class_list.jpeg in Resources */,
				8193EC0F1E4D16F900ECEFF9 /* active_discussion.jpeg in Resources */,
				8193EC0C1E4D16F900ECEFF9 /* pasting_new_class.jpeg in Resources */,
				8193EC0D1E4D16F900ECEFF9 /* saving_class.jpeg in Resources */,
				8193EC0E1E4D16F900ECEFF9 /* discussions_list.jpeg in Resources */,
				8193EBFC1E4D169700ECEFF9 /* LaunchScreen.storyboard in Resources */,
				8193EBF91E4D169700ECEFF9 /* Assets.xcassets in Resources */,
				8193EBF71E4D169700ECEFF9 /* Main.storyboard in Resources */,
			);
			runOnlyForDeploymentPostprocessing = 0;
		};
/* End PBXResourcesBuildPhase section */

/* Begin PBXSourcesBuildPhase section */
		8193EBEA1E4D169700ECEFF9 /* Sources */ = {
			isa = PBXSourcesBuildPhase;
			buildActionMask = 2147483647;
			files = (
				8193EBF41E4D169700ECEFF9 /* ViewController.swift in Sources */,
				8193EBF21E4D169700ECEFF9 /* AppDelegate.swift in Sources */,
				811CB1121E5B102C00A4910F /* Student.swift in Sources */,
			);
			runOnlyForDeploymentPostprocessing = 0;
		};
/* End PBXSourcesBuildPhase section */

/* Begin PBXVariantGroup section */
		8193EBF51E4D169700ECEFF9 /* Main.storyboard */ = {
			isa = PBXVariantGroup;
			children = (
				8193EBF61E4D169700ECEFF9 /* Base */,
			);
			name = Main.storyboard;
			sourceTree = "<group>";
		};
		8193EBFA1E4D169700ECEFF9 /* LaunchScreen.storyboard */ = {
			isa = PBXVariantGroup;
			children = (
				8193EBFB1E4D169700ECEFF9 /* Base */,
			);
			name = LaunchScreen.storyboard;
			sourceTree = "<group>";
		};
/* End PBXVariantGroup section */

/* Begin XCBuildConfiguration section */
		8193EBFE1E4D169700ECEFF9 /* Debug */ = {
			isa = XCBuildConfiguration;
			buildSettings = {
				ALWAYS_SEARCH_USER_PATHS = NO;
				CLANG_ANALYZER_NONNULL = YES;
				CLANG_CXX_LANGUAGE_STANDARD = "gnu++0x";
				CLANG_CXX_LIBRARY = "libc++";
				CLANG_ENABLE_MODULES = YES;
				CLANG_ENABLE_OBJC_ARC = YES;
				CLANG_WARN_BLOCK_CAPTURE_AUTORELEASING = YES;
				CLANG_WARN_BOOL_CONVERSION = YES;
				CLANG_WARN_COMMA = YES;
				CLANG_WARN_CONSTANT_CONVERSION = YES;
				CLANG_WARN_DEPRECATED_OBJC_IMPLEMENTATIONS = YES;
				CLANG_WARN_DIRECT_OBJC_ISA_USAGE = YES_ERROR;
				CLANG_WARN_DOCUMENTATION_COMMENTS = YES;
				CLANG_WARN_EMPTY_BODY = YES;
				CLANG_WARN_ENUM_CONVERSION = YES;
				CLANG_WARN_INFINITE_RECURSION = YES;
				CLANG_WARN_INT_CONVERSION = YES;
				CLANG_WARN_NON_LITERAL_NULL_CONVERSION = YES;
				CLANG_WARN_OBJC_IMPLICIT_RETAIN_SELF = YES;
				CLANG_WARN_OBJC_LITERAL_CONVERSION = YES;
				CLANG_WARN_OBJC_ROOT_CLASS = YES_ERROR;
				CLANG_WARN_RANGE_LOOP_ANALYSIS = YES;
				CLANG_WARN_STRICT_PROTOTYPES = YES;
				CLANG_WARN_SUSPICIOUS_MOVE = YES;
				CLANG_WARN_UNREACHABLE_CODE = YES;
				CLANG_WARN__DUPLICATE_METHOD_MATCH = YES;
				"CODE_SIGN_IDENTITY[sdk=iphoneos*]" = "iPhone Developer";
				COPY_PHASE_STRIP = NO;
				DEBUG_INFORMATION_FORMAT = dwarf;
				ENABLE_STRICT_OBJC_MSGSEND = YES;
				ENABLE_TESTABILITY = YES;
				GCC_C_LANGUAGE_STANDARD = gnu99;
				GCC_DYNAMIC_NO_PIC = NO;
				GCC_NO_COMMON_BLOCKS = YES;
				GCC_OPTIMIZATION_LEVEL = 0;
				GCC_PREPROCESSOR_DEFINITIONS = (
					"DEBUG=1",
					"$(inherited)",
				);
				GCC_WARN_64_TO_32_BIT_CONVERSION = YES;
				GCC_WARN_ABOUT_RETURN_TYPE = YES_ERROR;
				GCC_WARN_UNDECLARED_SELECTOR = YES;
				GCC_WARN_UNINITIALIZED_AUTOS = YES_AGGRESSIVE;
				GCC_WARN_UNUSED_FUNCTION = YES;
				GCC_WARN_UNUSED_VARIABLE = YES;
				IPHONEOS_DEPLOYMENT_TARGET = 10.2;
				MTL_ENABLE_DEBUG_INFO = YES;
				ONLY_ACTIVE_ARCH = YES;
				SDKROOT = iphoneos;
				SWIFT_ACTIVE_COMPILATION_CONDITIONS = DEBUG;
				SWIFT_OPTIMIZATION_LEVEL = "-Onone";
				TARGETED_DEVICE_FAMILY = "1,2";
			};
			name = Debug;
		};
		8193EBFF1E4D169700ECEFF9 /* Release */ = {
			isa = XCBuildConfiguration;
			buildSettings = {
				ALWAYS_SEARCH_USER_PATHS = NO;
				CLANG_ANALYZER_NONNULL = YES;
				CLANG_CXX_LANGUAGE_STANDARD = "gnu++0x";
				CLANG_CXX_LIBRARY = "libc++";
				CLANG_ENABLE_MODULES = YES;
				CLANG_ENABLE_OBJC_ARC = YES;
				CLANG_WARN_BLOCK_CAPTURE_AUTORELEASING = YES;
				CLANG_WARN_BOOL_CONVERSION = YES;
				CLANG_WARN_COMMA = YES;
				CLANG_WARN_CONSTANT_CONVERSION = YES;
				CLANG_WARN_DEPRECATED_OBJC_IMPLEMENTATIONS = YES;
				CLANG_WARN_DIRECT_OBJC_ISA_USAGE = YES_ERROR;
				CLANG_WARN_DOCUMENTATION_COMMENTS = YES;
				CLANG_WARN_EMPTY_BODY = YES;
				CLANG_WARN_ENUM_CONVERSION = YES;
				CLANG_WARN_INFINITE_RECURSION = YES;
				CLANG_WARN_INT_CONVERSION = YES;
				CLANG_WARN_NON_LITERAL_NULL_CONVERSION = YES;
				CLANG_WARN_OBJC_IMPLICIT_RETAIN_SELF = YES;
				CLANG_WARN_OBJC_LITERAL_CONVERSION = YES;
				CLANG_WARN_OBJC_ROOT_CLASS = YES_ERROR;
				CLANG_WARN_RANGE_LOOP_ANALYSIS = YES;
				CLANG_WARN_STRICT_PROTOTYPES = YES;
				CLANG_WARN_SUSPICIOUS_MOVE = YES;
				CLANG_WARN_UNREACHABLE_CODE = YES;
				CLANG_WARN__DUPLICATE_METHOD_MATCH = YES;
				"CODE_SIGN_IDENTITY[sdk=iphoneos*]" = "iPhone Developer";
				COPY_PHASE_STRIP = NO;
				DEBUG_INFORMATION_FORMAT = "dwarf-with-dsym";
				ENABLE_NS_ASSERTIONS = NO;
				ENABLE_STRICT_OBJC_MSGSEND = YES;
				GCC_C_LANGUAGE_STANDARD = gnu99;
				GCC_NO_COMMON_BLOCKS = YES;
				GCC_WARN_64_TO_32_BIT_CONVERSION = YES;
				GCC_WARN_ABOUT_RETURN_TYPE = YES_ERROR;
				GCC_WARN_UNDECLARED_SELECTOR = YES;
				GCC_WARN_UNINITIALIZED_AUTOS = YES_AGGRESSIVE;
				GCC_WARN_UNUSED_FUNCTION = YES;
				GCC_WARN_UNUSED_VARIABLE = YES;
				IPHONEOS_DEPLOYMENT_TARGET = 10.2;
				MTL_ENABLE_DEBUG_INFO = NO;
				SDKROOT = iphoneos;
				SWIFT_OPTIMIZATION_LEVEL = "-Owholemodule";
				TARGETED_DEVICE_FAMILY = "1,2";
				VALIDATE_PRODUCT = YES;
			};
			name = Release;
		};
		8193EC011E4D169700ECEFF9 /* Debug */ = {
			isa = XCBuildConfiguration;
			buildSettings = {
				ASSETCATALOG_COMPILER_APPICON_NAME = AppIcon;
				DEVELOPMENT_TEAM = U2ZN2W2UQJ;
				INFOPLIST_FILE = Balance/Info.plist;
				LD_RUNPATH_SEARCH_PATHS = "$(inherited) @executable_path/Frameworks";
				PRODUCT_BUNDLE_IDENTIFIER = ca.on.rsgc.Balance;
				PRODUCT_NAME = "$(TARGET_NAME)";
				SWIFT_SWIFT3_OBJC_INFERENCE = On;
				SWIFT_VERSION = 4.2;
			};
			name = Debug;
		};
		8193EC021E4D169700ECEFF9 /* Release */ = {
			isa = XCBuildConfiguration;
			buildSettings = {
				ASSETCATALOG_COMPILER_APPICON_NAME = AppIcon;
				DEVELOPMENT_TEAM = U2ZN2W2UQJ;
				INFOPLIST_FILE = Balance/Info.plist;
				LD_RUNPATH_SEARCH_PATHS = "$(inherited) @executable_path/Frameworks";
				PRODUCT_BUNDLE_IDENTIFIER = ca.on.rsgc.Balance;
				PRODUCT_NAME = "$(TARGET_NAME)";
				SWIFT_SWIFT3_OBJC_INFERENCE = On;
				SWIFT_VERSION = 4.2;
			};
			name = Release;
		};
/* End XCBuildConfiguration section */

/* Begin XCConfigurationList section */
		8193EBE91E4D169700ECEFF9 /* Build configuration list for PBXProject "Balance" */ = {
			isa = XCConfigurationList;
			buildConfigurations = (
				8193EBFE1E4D169700ECEFF9 /* Debug */,
				8193EBFF1E4D169700ECEFF9 /* Release */,
			);
			defaultConfigurationIsVisible = 0;
			defaultConfigurationName = Release;
		};
		8193EC001E4D169700ECEFF9 /* Build configuration list for PBXNativeTarget "Balance" */ = {
			isa = XCConfigurationList;
			buildConfigurations = (
				8193EC011E4D169700ECEFF9 /* Debug */,
				8193EC021E4D169700ECEFF9 /* Release */,
			);
			defaultConfigurationIsVisible = 0;
			defaultConfigurationName = Release;
		};
/* End XCConfigurationList section */
	};
	rootObject = 8193EBE61E4D169700ECEFF9 /* Project object */;
}
